
Microsoft Visual Studio Solution File, Format Version 12.00
# Visual Studio Version 16
VisualStudioVersion = 16.0.31605.320
MinimumVisualStudioVersion = 10.0.40219.1
Project("{FAE04EC0-301F-11D3-BF4B-00C04F79EFBC}") = "CalculatorTask", "CalculatorTask\CalculatorTask.csproj", "{12E52C0E-A7E9-4EEA-9A22-8EE45D84EB3A}"
EndProject
Project("{FAE04EC0-301F-11D3-BF4B-00C04F79EFBC}") = "CalculatorLogic", "CalculatorLogic\CalculatorLogic.csproj", "{69F1E8F5-B06C-4AB6-9CBA-8581E39F42EA}"
EndProject
Project("{9A19103F-16F7-4668-BE54-9A1E7A4F7556}") = "CalculatorLogicTest", "CalculatorLogicTest\CalculatorLogicTest.csproj", "{F7C0A9C0-2DBD-482D-BA62-476C47C04A08}"
EndProject
Project("{FAE04EC0-301F-11D3-BF4B-00C04F79EFBC}") = "CalculatorTaskTest", "CalculatorTaskTest\CalculatorTaskTest.csproj", "{733C0918-7064-45EF-BCBC-6332A3451B19}"
EndProject
Global
	GlobalSection(SolutionConfigurationPlatforms) = preSolution
		Debug|Any CPU = Debug|Any CPU
		Release|Any CPU = Release|Any CPU
	EndGlobalSection
	GlobalSection(ProjectConfigurationPlatforms) = postSolution
		{12E52C0E-A7E9-4EEA-9A22-8EE45D84EB3A}.Debug|Any CPU.ActiveCfg = Debug|Any CPU
		{12E52C0E-A7E9-4EEA-9A22-8EE45D84EB3A}.Debug|Any CPU.Build.0 = Debug|Any CPU
		{12E52C0E-A7E9-4EEA-9A22-8EE45D84EB3A}.Release|Any CPU.ActiveCfg = Release|Any CPU
		{12E52C0E-A7E9-4EEA-9A22-8EE45D84EB3A}.Release|Any CPU.Build.0 = Release|Any CPU
		{69F1E8F5-B06C-4AB6-9CBA-8581E39F42EA}.Debug|Any CPU.ActiveCfg = Debug|Any CPU
		{69F1E8F5-B06C-4AB6-9CBA-8581E39F42EA}.Debug|Any CPU.Build.0 = Debug|Any CPU
		{69F1E8F5-B06C-4AB6-9CBA-8581E39F42EA}.Release|Any CPU.ActiveCfg = Release|Any CPU
		{69F1E8F5-B06C-4AB6-9CBA-8581E39F42EA}.Release|Any CPU.Build.0 = Release|Any CPU
		{F7C0A9C0-2DBD-482D-BA62-476C47C04A08}.Debug|Any CPU.ActiveCfg = Debug|Any CPU
		{F7C0A9C0-2DBD-482D-BA62-476C47C04A08}.Debug|Any CPU.Build.0 = Debug|Any CPU
		{F7C0A9C0-2DBD-482D-BA62-476C47C04A08}.Release|Any CPU.ActiveCfg = Release|Any CPU
		{F7C0A9C0-2DBD-482D-BA62-476C47C04A08}.Release|Any CPU.Build.0 = Release|Any CPU
		{733C0918-7064-45EF-BCBC-6332A3451B19}.Debug|Any CPU.ActiveCfg = Debug|Any CPU
		{733C0918-7064-45EF-BCBC-6332A3451B19}.Debug|Any CPU.Build.0 = Debug|Any CPU
		{733C0918-7064-45EF-BCBC-6332A3451B19}.Release|Any CPU.ActiveCfg = Release|Any CPU
		{733C0918-7064-45EF-BCBC-6332A3451B19}.Release|Any CPU.Build.0 = Release|Any CPU
	EndGlobalSection
	GlobalSection(SolutionProperties) = preSolution
		HideSolutionNode = FALSE
	EndGlobalSection
	GlobalSection(ExtensibilityGlobals) = postSolution
		SolutionGuid = {655FE1D3-1878-4E31-A124-A0E6DD933433}
	EndGlobalSection
EndGlobal
